// !$*UTF8*$!
{
	archiveVersion = 1;
	classes = {
	};
	objectVersion = 55;
	objects = {

/* Begin PBXBuildFile section */
		9306B9CA280F9689003A28E6 /* AppDelegate.swift in Sources */ = {isa = PBXBuildFile; fileRef = 9306B9C9280F9689003A28E6 /* AppDelegate.swift */; };
		9306B9CC280F9689003A28E6 /* SceneDelegate.swift in Sources */ = {isa = PBXBuildFile; fileRef = 9306B9CB280F9689003A28E6 /* SceneDelegate.swift */; };
		9306B9CE280F9689003A28E6 /* ViewController.swift in Sources */ = {isa = PBXBuildFile; fileRef = 9306B9CD280F9689003A28E6 /* ViewController.swift */; };
		9306B9D1280F9689003A28E6 /* Main.storyboard in Resources */ = {isa = PBXBuildFile; fileRef = 9306B9CF280F9689003A28E6 /* Main.storyboard */; };
		9306B9D3280F968A003A28E6 /* Assets.xcassets in Resources */ = {isa = PBXBuildFile; fileRef = 9306B9D2280F968A003A28E6 /* Assets.xcassets */; };
		9306B9D6280F968A003A28E6 /* LaunchScreen.storyboard in Resources */ = {isa = PBXBuildFile; fileRef = 9306B9D4280F968A003A28E6 /* LaunchScreen.storyboard */; };
		937E536E28117FE6003E20D6 /* EstudoTableViewCell.swift in Sources */ = {isa = PBXBuildFile; fileRef = 937E536C28117FE6003E20D6 /* EstudoTableViewCell.swift */; };
		937E536F28117FE6003E20D6 /* EstudoTableViewCell.xib in Resources */ = {isa = PBXBuildFile; fileRef = 937E536D28117FE6003E20D6 /* EstudoTableViewCell.xib */; };
		93A2770C28108ACB0034DE71 /* Estudo.swift in Sources */ = {isa = PBXBuildFile; fileRef = 93A2770B28108ACB0034DE71 /* Estudo.swift */; };
/* End PBXBuildFile section */

/* Begin PBXFileReference section */
		9306B9C6280F9689003A28E6 /* Calculadora-de-Estudo.app */ = {isa = PBXFileReference; explicitFileType = wrapper.application; includeInIndex = 0; path = "Calculadora-de-Estudo.app"; sourceTree = BUILT_PRODUCTS_DIR; };
		9306B9C9280F9689003A28E6 /* AppDelegate.swift */ = {isa = PBXFileReference; lastKnownFileType = sourcecode.swift; path = AppDelegate.swift; sourceTree = "<group>"; };
		9306B9CB280F9689003A28E6 /* SceneDelegate.swift */ = {isa = PBXFileReference; lastKnownFileType = sourcecode.swift; path = SceneDelegate.swift; sourceTree = "<group>"; };
		9306B9CD280F9689003A28E6 /* ViewController.swift */ = {isa = PBXFileReference; lastKnownFileType = sourcecode.swift; path = ViewController.swift; sourceTree = "<group>"; };
		9306B9D0280F9689003A28E6 /* Base */ = {isa = PBXFileReference; lastKnownFileType = file.storyboard; name = Base; path = Base.lproj/Main.storyboard; sourceTree = "<group>"; };
		9306B9D2280F968A003A28E6 /* Assets.xcassets */ = {isa = PBXFileReference; lastKnownFileType = folder.assetcatalog; path = Assets.xcassets; sourceTree = "<group>"; };
		9306B9D5280F968A003A28E6 /* Base */ = {isa = PBXFileReference; lastKnownFileType = file.storyboard; name = Base; path = Base.lproj/LaunchScreen.storyboard; sourceTree = "<group>"; };
		9306B9D7280F968A003A28E6 /* Info.plist */ = {isa = PBXFileReference; lastKnownFileType = text.plist.xml; path = Info.plist; sourceTree = "<group>"; };
		937E536C28117FE6003E20D6 /* EstudoTableViewCell.swift */ = {isa = PBXFileReference; lastKnownFileType = sourcecode.swift; path = EstudoTableViewCell.swift; sourceTree = "<group>"; };
		937E536D28117FE6003E20D6 /* EstudoTableViewCell.xib */ = {isa = PBXFileReference; lastKnownFileType = file.xib; path = EstudoTableViewCell.xib; sourceTree = "<group>"; };
		93A2770B28108ACB0034DE71 /* Estudo.swift */ = {isa = PBXFileReference; lastKnownFileType = sourcecode.swift; path = Estudo.swift; sourceTree = "<group>"; };
/* End PBXFileReference section */

/* Begin PBXFrameworksBuildPhase section */
		9306B9C3280F9689003A28E6 /* Frameworks */ = {
			isa = PBXFrameworksBuildPhase;
			buildActionMask = 2147483647;
			files = (
			);
			runOnlyForDeploymentPostprocessing = 0;
		};
/* End PBXFrameworksBuildPhase section */

/* Begin PBXGroup section */
		9306B9BD280F9689003A28E6 = {
			isa = PBXGroup;
			children = (
				9306B9C8280F9689003A28E6 /* Calculadora de Estudo */,
				9306B9C7280F9689003A28E6 /* Products */,
			);
			sourceTree = "<group>";
		};
		9306B9C7280F9689003A28E6 /* Products */ = {
			isa = PBXGroup;
			children = (
				9306B9C6280F9689003A28E6 /* Calculadora-de-Estudo.app */,
			);
			name = Products;
			sourceTree = "<group>";
		};
		9306B9C8280F9689003A28E6 /* Calculadora de Estudo */ = {
			isa = PBXGroup;
			children = (
				9306B9C9280F9689003A28E6 /* AppDelegate.swift */,
				9306B9CB280F9689003A28E6 /* SceneDelegate.swift */,
				9306B9CD280F9689003A28E6 /* ViewController.swift */,
				9306B9CF280F9689003A28E6 /* Main.storyboard */,
				93A2770B28108ACB0034DE71 /* Estudo.swift */,
				9306B9D2280F968A003A28E6 /* Assets.xcassets */,
				9306B9D4280F968A003A28E6 /* LaunchScreen.storyboard */,
				9306B9D7280F968A003A28E6 /* Info.plist */,
				937E536C28117FE6003E20D6 /* EstudoTableViewCell.swift */,
				937E536D28117FE6003E20D6 /* EstudoTableViewCell.xib */,
			);
			path = "Calculadora de Estudo";
			sourceTree = "<group>";
		};
/* End PBXGroup section */

/* Begin PBXNativeTarget section */
		9306B9C5280F9689003A28E6 /* Calculadora-de-Estudo */ = {
			isa = PBXNativeTarget;
			buildConfigurationList = 9306B9DA280F968A003A28E6 /* Build configuration list for PBXNativeTarget "Calculadora-de-Estudo" */;
			buildPhases = (
				9306B9C2280F9689003A28E6 /* Sources */,
				9306B9C3280F9689003A28E6 /* Frameworks */,
				9306B9C4280F9689003A28E6 /* Resources */,
			);
			buildRules = (
			);
			dependencies = (
			);
			name = "Calculadora-de-Estudo";
			productName = "Calculadora de Estudo";
			productReference = 9306B9C6280F9689003A28E6 /* Calculadora-de-Estudo.app */;
			productType = "com.apple.product-type.application";
		};
/* End PBXNativeTarget section */

/* Begin PBXProject section */
		9306B9BE280F9689003A28E6 /* Project object */ = {
			isa = PBXProject;
			attributes = {
				BuildIndependentTargetsInParallel = 1;
				LastSwiftUpdateCheck = 1330;
				LastUpgradeCheck = 1330;
				TargetAttributes = {
					9306B9C5280F9689003A28E6 = {
						CreatedOnToolsVersion = 13.3.1;
					};
				};
			};
			buildConfigurationList = 9306B9C1280F9689003A28E6 /* Build configuration list for PBXProject "Calculadora-de-Estudo" */;
			compatibilityVersion = "Xcode 13.0";
			developmentRegion = en;
			hasScannedForEncodings = 0;
			knownRegions = (
				en,
				Base,
			);
			mainGroup = 9306B9BD280F9689003A28E6;
			productRefGroup = 9306B9C7280F9689003A28E6 /* Products */;
			projectDirPath = "";
			projectRoot = "";
			targets = (
				9306B9C5280F9689003A28E6 /* Calculadora-de-Estudo */,
			);
		};
/* End PBXProject section */

/* Begin PBXResourcesBuildPhase section */
		9306B9C4280F9689003A28E6 /* Resources */ = {
			isa = PBXResourcesBuildPhase;
			buildActionMask = 2147483647;
			files = (
				9306B9D6280F968A003A28E6 /* LaunchScreen.storyboard in Resources */,
				9306B9D3280F968A003A28E6 /* Assets.xcassets in Resources */,
				9306B9D1280F9689003A28E6 /* Main.storyboard in Resources */,
				937E536F28117FE6003E20D6 /* EstudoTableViewCell.xib in Resources */,
			);
			runOnlyForDeploymentPostprocessing = 0;
		};
/* End PBXResourcesBuildPhase section */

/* Begin PBXSourcesBuildPhase section */
		9306B9C2280F9689003A28E6 /* Sources */ = {
			isa = PBXSourcesBuildPhase;
			buildActionMask = 2147483647;
			files = (
				9306B9CE280F9689003A28E6 /* ViewController.swift in Sources */,
				9306B9CA280F9689003A28E6 /* AppDelegate.swift in Sources */,
				9306B9CC280F9689003A28E6 /* SceneDelegate.swift in Sources */,
				93A2770C28108ACB0034DE71 /* Estudo.swift in Sources */,
				937E536E28117FE6003E20D6 /* EstudoTableViewCell.swift in Sources */,
			);
			runOnlyForDeploymentPostprocessing = 0;
		};
/* End PBXSourcesBuildPhase section */

/* Begin PBXVariantGroup section */
		9306B9CF280F9689003A28E6 /* Main.storyboard */ = {
			isa = PBXVariantGroup;
			children = (
				9306B9D0280F9689003A28E6 /* Base */,
			);
			name = Main.storyboard;
			sourceTree = "<group>";
		};
		9306B9D4280F968A003A28E6 /* LaunchScreen.storyboard */ = {
			isa = PBXVariantGroup;
			children = (
				9306B9D5280F968A003A28E6 /* Base */,
			);
			name = LaunchScreen.storyboard;
			sourceTree = "<group>";
		};
/* End PBXVariantGroup section */

/* Begin XCBuildConfiguration section */
		9306B9D8280F968A003A28E6 /* Debug */ = {
			isa = XCBuildConfiguration;
			buildSettings = {
				ALWAYS_SEARCH_USER_PATHS = NO;
				CLANG_ANALYZER_NONNULL = YES;
				CLANG_ANALYZER_NUMBER_OBJECT_CONVERSION = YES_AGGRESSIVE;
				CLANG_CXX_LANGUAGE_STANDARD = "gnu++17";
				CLANG_ENABLE_MODULES = YES;
				CLANG_ENABLE_OBJC_ARC = YES;
				CLANG_ENABLE_OBJC_WEAK = YES;
				CLANG_WARN_BLOCK_CAPTURE_AUTORELEASING = YES;
				CLANG_WARN_BOOL_CONVERSION = YES;
				CLANG_WARN_COMMA = YES;
				CLANG_WARN_CONSTANT_CONVERSION = YES;
				CLANG_WARN_DEPRECATED_OBJC_IMPLEMENTATIONS = YES;
				CLANG_WARN_DIRECT_OBJC_ISA_USAGE = YES_ERROR;
				CLANG_WARN_DOCUMENTATION_COMMENTS = YES;
				CLANG_WARN_EMPTY_BODY = YES;
				CLANG_WARN_ENUM_CONVERSION = YES;
				CLANG_WARN_INFINITE_RECURSION = YES;
				CLANG_WARN_INT_CONVERSION = YES;
				CLANG_WARN_NON_LITERAL_NULL_CONVERSION = YES;
				CLANG_WARN_OBJC_IMPLICIT_RETAIN_SELF = YES;
				CLANG_WARN_OBJC_LITERAL_CONVERSION = YES;
				CLANG_WARN_OBJC_ROOT_CLASS = YES_ERROR;
				CLANG_WARN_QUOTED_INCLUDE_IN_FRAMEWORK_HEADER = YES;
				CLANG_WARN_RANGE_LOOP_ANALYSIS = YES;
				CLANG_WARN_STRICT_PROTOTYPES = YES;
				CLANG_WARN_SUSPICIOUS_MOVE = YES;
				CLANG_WARN_UNGUARDED_AVAILABILITY = YES_AGGRESSIVE;
				CLANG_WARN_UNREACHABLE_CODE = YES;
				CLANG_WARN__DUPLICATE_METHOD_MATCH = YES;
				COPY_PHASE_STRIP = NO;
				DEBUG_INFORMATION_FORMAT = dwarf;
				ENABLE_STRICT_OBJC_MSGSEND = YES;
				ENABLE_TESTABILITY = YES;
				GCC_C_LANGUAGE_STANDARD = gnu11;
				GCC_DYNAMIC_NO_PIC = NO;
				GCC_NO_COMMON_BLOCKS = YES;
				GCC_OPTIMIZATION_LEVEL = 0;
				GCC_PREPROCESSOR_DEFINITIONS = (
					"DEBUG=1",
					"$(inherited)",
				);
				GCC_WARN_64_TO_32_BIT_CONVERSION = YES;
				GCC_WARN_ABOUT_RETURN_TYPE = YES_ERROR;
				GCC_WARN_UNDECLARED_SELECTOR = YES;
				GCC_WARN_UNINITIALIZED_AUTOS = YES_AGGRESSIVE;
				GCC_WARN_UNUSED_FUNCTION = YES;
				GCC_WARN_UNUSED_VARIABLE = YES;
				IPHONEOS_DEPLOYMENT_TARGET = 15.4;
				MTL_ENABLE_DEBUG_INFO = INCLUDE_SOURCE;
				MTL_FAST_MATH = YES;
				ONLY_ACTIVE_ARCH = YES;
				SDKROOT = iphoneos;
				SWIFT_ACTIVE_COMPILATION_CONDITIONS = DEBUG;
				SWIFT_OPTIMIZATION_LEVEL = "-Onone";
			};
			name = Debug;
		};
		9306B9D9280F968A003A28E6 /* Release */ = {
			isa = XCBuildConfiguration;
			buildSettings = {
				ALWAYS_SEARCH_USER_PATHS = NO;
				CLANG_ANALYZER_NONNULL = YES;
				CLANG_ANALYZER_NUMBER_OBJECT_CONVERSION = YES_AGGRESSIVE;
				CLANG_CXX_LANGUAGE_STANDARD = "gnu++17";
				CLANG_ENABLE_MODULES = YES;
				CLANG_ENABLE_OBJC_ARC = YES;
				CLANG_ENABLE_OBJC_WEAK = YES;
				CLANG_WARN_BLOCK_CAPTURE_AUTORELEASING = YES;
				CLANG_WARN_BOOL_CONVERSION = YES;
				CLANG_WARN_COMMA = YES;
				CLANG_WARN_CONSTANT_CONVERSION = YES;
				CLANG_WARN_DEPRECATED_OBJC_IMPLEMENTATIONS = YES;
				CLANG_WARN_DIRECT_OBJC_ISA_USAGE = YES_ERROR;
				CLANG_WARN_DOCUMENTATION_COMMENTS = YES;
				CLANG_WARN_EMPTY_BODY = YES;
				CLANG_WARN_ENUM_CONVERSION = YES;
				CLANG_WARN_INFINITE_RECURSION = YES;
				CLANG_WARN_INT_CONVERSION = YES;
				CLANG_WARN_NON_LITERAL_NULL_CONVERSION = YES;
				CLANG_WARN_OBJC_IMPLICIT_RETAIN_SELF = YES;
				CLANG_WARN_OBJC_LITERAL_CONVERSION = YES;
				CLANG_WARN_OBJC_ROOT_CLASS = YES_ERROR;
				CLANG_WARN_QUOTED_INCLUDE_IN_FRAMEWORK_HEADER = YES;
				CLANG_WARN_RANGE_LOOP_ANALYSIS = YES;
				CLANG_WARN_STRICT_PROTOTYPES = YES;
				CLANG_WARN_SUSPICIOUS_MOVE = YES;
				CLANG_WARN_UNGUARDED_AVAILABILITY = YES_AGGRESSIVE;
				CLANG_WARN_UNREACHABLE_CODE = YES;
				CLANG_WARN__DUPLICATE_METHOD_MATCH = YES;
				COPY_PHASE_STRIP = NO;
				DEBUG_INFORMATION_FORMAT = "dwarf-with-dsym";
				ENABLE_NS_ASSERTIONS = NO;
				ENABLE_STRICT_OBJC_MSGSEND = YES;
				GCC_C_LANGUAGE_STANDARD = gnu11;
				GCC_NO_COMMON_BLOCKS = YES;
				GCC_WARN_64_TO_32_BIT_CONVERSION = YES;
				GCC_WARN_ABOUT_RETURN_TYPE = YES_ERROR;
				GCC_WARN_UNDECLARED_SELECTOR = YES;
				GCC_WARN_UNINITIALIZED_AUTOS = YES_AGGRESSIVE;
				GCC_WARN_UNUSED_FUNCTION = YES;
				GCC_WARN_UNUSED_VARIABLE = YES;
				IPHONEOS_DEPLOYMENT_TARGET = 15.4;
				MTL_ENABLE_DEBUG_INFO = NO;
				MTL_FAST_MATH = YES;
				SDKROOT = iphoneos;
				SWIFT_COMPILATION_MODE = wholemodule;
				SWIFT_OPTIMIZATION_LEVEL = "-O";
				VALIDATE_PRODUCT = YES;
			};
			name = Release;
		};
		9306B9DB280F968A003A28E6 /* Debug */ = {
			isa = XCBuildConfiguration;
			buildSettings = {
				ASSETCATALOG_COMPILER_APPICON_NAME = AppIcon;
				ASSETCATALOG_COMPILER_GLOBAL_ACCENT_COLOR_NAME = AccentColor;
				CODE_SIGN_STYLE = Automatic;
				CURRENT_PROJECT_VERSION = 1;
				DEVELOPMENT_TEAM = 2WUBK8ZL5T;
				GENERATE_INFOPLIST_FILE = YES;
				INFOPLIST_FILE = "Calculadora de Estudo/Info.plist";
				INFOPLIST_KEY_UIApplicationSupportsIndirectInputEvents = YES;
				INFOPLIST_KEY_UILaunchStoryboardName = LaunchScreen;
				INFOPLIST_KEY_UIMainStoryboardFile = Main;
				INFOPLIST_KEY_UISupportedInterfaceOrientations_iPad = "UIInterfaceOrientationPortrait UIInterfaceOrientationPortraitUpsideDown UIInterfaceOrientationLandscapeLeft UIInterfaceOrientationLandscapeRight";
				INFOPLIST_KEY_UISupportedInterfaceOrientations_iPhone = "UIInterfaceOrientationPortrait UIInterfaceOrientationLandscapeLeft UIInterfaceOrientationLandscapeRight";
				LD_RUNPATH_SEARCH_PATHS = (
					"$(inherited)",
					"@executable_path/Frameworks",
				);
				MARKETING_VERSION = 1.0;
				PRODUCT_BUNDLE_IDENTIFIER = "br.ufpe.cin.academy.Calculadora-de-Estudo";
				PRODUCT_NAME = "$(TARGET_NAME)";
				SWIFT_EMIT_LOC_STRINGS = YES;
				SWIFT_VERSION = 5.0;
				TARGETED_DEVICE_FAMILY = "1,2";
			};
			name = Debug;
		};
		9306B9DC280F968A003A28E6 /* Release */ = {
			isa = XCBuildConfiguration;
			buildSettings = {
				ASSETCATALOG_COMPILER_APPICON_NAME = AppIcon;
				ASSETCATALOG_COMPILER_GLOBAL_ACCENT_COLOR_NAME = AccentColor;
				CODE_SIGN_STYLE = Automatic;
				CURRENT_PROJECT_VERSION = 1;
				DEVELOPMENT_TEAM = 2WUBK8ZL5T;
				GENERATE_INFOPLIST_FILE = YES;
				INFOPLIST_FILE = "Calculadora de Estudo/Info.plist";
				INFOPLIST_KEY_UIApplicationSupportsIndirectInputEvents = YES;
				INFOPLIST_KEY_UILaunchStoryboardName = LaunchScreen;
				INFOPLIST_KEY_UIMainStoryboardFile = Main;
				INFOPLIST_KEY_UISupportedInterfaceOrientations_iPad = "UIInterfaceOrientationPortrait UIInterfaceOrientationPortraitUpsideDown UIInterfaceOrientationLandscapeLeft UIInterfaceOrientationLandscapeRight";
				INFOPLIST_KEY_UISupportedInterfaceOrientations_iPhone = "UIInterfaceOrientationPortrait UIInterfaceOrientationLandscapeLeft UIInterfaceOrientationLandscapeRight";
				LD_RUNPATH_SEARCH_PATHS = (
					"$(inherited)",
					"@executable_path/Frameworks",
				);
				MARKETING_VERSION = 1.0;
				PRODUCT_BUNDLE_IDENTIFIER = "br.ufpe.cin.academy.Calculadora-de-Estudo";
				PRODUCT_NAME = "$(TARGET_NAME)";
				SWIFT_EMIT_LOC_STRINGS = YES;
				SWIFT_VERSION = 5.0;
				TARGETED_DEVICE_FAMILY = "1,2";
			};
			name = Release;
		};
/* End XCBuildConfiguration section */

/* Begin XCConfigurationList section */
		9306B9C1280F9689003A28E6 /* Build configuration list for PBXProject "Calculadora-de-Estudo" */ = {
			isa = XCConfigurationList;
			buildConfigurations = (
				9306B9D8280F968A003A28E6 /* Debug */,
				9306B9D9280F968A003A28E6 /* Release */,
			);
			defaultConfigurationIsVisible = 0;
			defaultConfigurationName = Release;
		};
		9306B9DA280F968A003A28E6 /* Build configuration list for PBXNativeTarget "Calculadora-de-Estudo" */ = {
			isa = XCConfigurationList;
			buildConfigurations = (
				9306B9DB280F968A003A28E6 /* Debug */,
				9306B9DC280F968A003A28E6 /* Release */,
			);
			defaultConfigurationIsVisible = 0;
			defaultConfigurationName = Release;
		};
/* End XCConfigurationList section */
	};
	rootObject = 9306B9BE280F9689003A28E6 /* Project object */;
}
